// !$*UTF8*$!
{
	archiveVersion = 1;
	classes = {
	};
	objectVersion = 55;
	objects = {

/* Begin PBXBuildFile section */
		7814372729187B3800603042 /* AppDelegate.swift in Sources */ = {isa = PBXBuildFile; fileRef = 7814372629187B3800603042 /* AppDelegate.swift */; };
		7814372929187B3800603042 /* SceneDelegate.swift in Sources */ = {isa = PBXBuildFile; fileRef = 7814372829187B3800603042 /* SceneDelegate.swift */; };
		7814372B29187B3800603042 /* MainViewController.swift in Sources */ = {isa = PBXBuildFile; fileRef = 7814372A29187B3800603042 /* MainViewController.swift */; };
		7814372E29187B3800603042 /* Main.storyboard in Resources */ = {isa = PBXBuildFile; fileRef = 7814372C29187B3800603042 /* Main.storyboard */; };
		7814373029187B3900603042 /* Assets.xcassets in Resources */ = {isa = PBXBuildFile; fileRef = 7814372F29187B3900603042 /* Assets.xcassets */; };
		7814373329187B3900603042 /* LaunchScreen.storyboard in Resources */ = {isa = PBXBuildFile; fileRef = 7814373129187B3900603042 /* LaunchScreen.storyboard */; };
		7814373E29187B3A00603042 /* CoreDataBLETutorialTests.swift in Sources */ = {isa = PBXBuildFile; fileRef = 7814373D29187B3A00603042 /* CoreDataBLETutorialTests.swift */; };
		7814374829187B3A00603042 /* CoreDataBLETutorialUITests.swift in Sources */ = {isa = PBXBuildFile; fileRef = 7814374729187B3A00603042 /* CoreDataBLETutorialUITests.swift */; };
		7814374A29187B3A00603042 /* CoreDataBLETutorialUITestsLaunchTests.swift in Sources */ = {isa = PBXBuildFile; fileRef = 7814374929187B3A00603042 /* CoreDataBLETutorialUITestsLaunchTests.swift */; };
		781437572918A1D700603042 /* SideMenuViewController.swift in Sources */ = {isa = PBXBuildFile; fileRef = 781437562918A1D600603042 /* SideMenuViewController.swift */; };
		781437592918A24300603042 /* SideMenuModel.swift in Sources */ = {isa = PBXBuildFile; fileRef = 781437582918A24300603042 /* SideMenuModel.swift */; };
		7814375B2918A27100603042 /* SideMenuCell.xib in Resources */ = {isa = PBXBuildFile; fileRef = 7814375A2918A27100603042 /* SideMenuCell.xib */; };
		7814375D2918A29A00603042 /* SideMenuCell.swift in Sources */ = {isa = PBXBuildFile; fileRef = 7814375C2918A29A00603042 /* SideMenuCell.swift */; };
		7814375F2918A8A500603042 /* HomeViewController.swift in Sources */ = {isa = PBXBuildFile; fileRef = 7814375E2918A8A500603042 /* HomeViewController.swift */; };
		78143761291942E100603042 /* SingletonClass.swift in Sources */ = {isa = PBXBuildFile; fileRef = 78143760291942E000603042 /* SingletonClass.swift */; };
		781437632919449B00603042 /* HRViewController.swift in Sources */ = {isa = PBXBuildFile; fileRef = 781437622919449B00603042 /* HRViewController.swift */; };
		7814376929199CB400603042 /* CoreDataBLETutorial.xcdatamodeld in Sources */ = {isa = PBXBuildFile; fileRef = 7814376729199CB400603042 /* CoreDataBLETutorial.xcdatamodeld */; };
		7814377029199D9600603042 /* HRTableViewController.swift in Sources */ = {isa = PBXBuildFile; fileRef = 7814376F29199D9500603042 /* HRTableViewController.swift */; };
		781437772919A77600603042 /* HRValue+CoreDataClass.swift in Sources */ = {isa = PBXBuildFile; fileRef = 781437752919A77500603042 /* HRValue+CoreDataClass.swift */; };
		781437782919A77600603042 /* HRValue+CoreDataProperties.swift in Sources */ = {isa = PBXBuildFile; fileRef = 781437762919A77600603042 /* HRValue+CoreDataProperties.swift */; };
		AF03F5DE6C30D75FAF936B2B /* Pods_CoreDataBLETutorial.framework in Frameworks */ = {isa = PBXBuildFile; fileRef = 9705EB7748BF5E64FE71D7FC /* Pods_CoreDataBLETutorial.framework */; };
/* End PBXBuildFile section */

/* Begin PBXContainerItemProxy section */
		7814373A29187B3A00603042 /* PBXContainerItemProxy */ = {
			isa = PBXContainerItemProxy;
			containerPortal = 7814371B29187B3800603042 /* Project object */;
			proxyType = 1;
			remoteGlobalIDString = 7814372229187B3800603042;
			remoteInfo = CoreDataBLETutorial;
		};
		7814374429187B3A00603042 /* PBXContainerItemProxy */ = {
			isa = PBXContainerItemProxy;
			containerPortal = 7814371B29187B3800603042 /* Project object */;
			proxyType = 1;
			remoteGlobalIDString = 7814372229187B3800603042;
			remoteInfo = CoreDataBLETutorial;
		};
/* End PBXContainerItemProxy section */

/* Begin PBXFileReference section */
		7814372329187B3800603042 /* CoreDataBLETutorial.app */ = {isa = PBXFileReference; explicitFileType = wrapper.application; includeInIndex = 0; path = CoreDataBLETutorial.app; sourceTree = BUILT_PRODUCTS_DIR; };
		7814372629187B3800603042 /* AppDelegate.swift */ = {isa = PBXFileReference; lastKnownFileType = sourcecode.swift; path = AppDelegate.swift; sourceTree = "<group>"; };
		7814372829187B3800603042 /* SceneDelegate.swift */ = {isa = PBXFileReference; lastKnownFileType = sourcecode.swift; path = SceneDelegate.swift; sourceTree = "<group>"; };
		7814372A29187B3800603042 /* MainViewController.swift */ = {isa = PBXFileReference; lastKnownFileType = sourcecode.swift; path = MainViewController.swift; sourceTree = "<group>"; };
		7814372D29187B3800603042 /* Base */ = {isa = PBXFileReference; lastKnownFileType = file.storyboard; name = Base; path = Base.lproj/Main.storyboard; sourceTree = "<group>"; };
		7814372F29187B3900603042 /* Assets.xcassets */ = {isa = PBXFileReference; lastKnownFileType = folder.assetcatalog; path = Assets.xcassets; sourceTree = "<group>"; };
		7814373229187B3900603042 /* Base */ = {isa = PBXFileReference; lastKnownFileType = file.storyboard; name = Base; path = Base.lproj/LaunchScreen.storyboard; sourceTree = "<group>"; };
		7814373429187B3900603042 /* Info.plist */ = {isa = PBXFileReference; lastKnownFileType = text.plist.xml; path = Info.plist; sourceTree = "<group>"; };
		7814373929187B3A00603042 /* CoreDataBLETutorialTests.xctest */ = {isa = PBXFileReference; explicitFileType = wrapper.cfbundle; includeInIndex = 0; path = CoreDataBLETutorialTests.xctest; sourceTree = BUILT_PRODUCTS_DIR; };
		7814373D29187B3A00603042 /* CoreDataBLETutorialTests.swift */ = {isa = PBXFileReference; lastKnownFileType = sourcecode.swift; path = CoreDataBLETutorialTests.swift; sourceTree = "<group>"; };
		7814374329187B3A00603042 /* CoreDataBLETutorialUITests.xctest */ = {isa = PBXFileReference; explicitFileType = wrapper.cfbundle; includeInIndex = 0; path = CoreDataBLETutorialUITests.xctest; sourceTree = BUILT_PRODUCTS_DIR; };
		7814374729187B3A00603042 /* CoreDataBLETutorialUITests.swift */ = {isa = PBXFileReference; lastKnownFileType = sourcecode.swift; path = CoreDataBLETutorialUITests.swift; sourceTree = "<group>"; };
		7814374929187B3A00603042 /* CoreDataBLETutorialUITestsLaunchTests.swift */ = {isa = PBXFileReference; lastKnownFileType = sourcecode.swift; path = CoreDataBLETutorialUITestsLaunchTests.swift; sourceTree = "<group>"; };
		781437562918A1D600603042 /* SideMenuViewController.swift */ = {isa = PBXFileReference; lastKnownFileType = sourcecode.swift; path = SideMenuViewController.swift; sourceTree = "<group>"; };
		781437582918A24300603042 /* SideMenuModel.swift */ = {isa = PBXFileReference; lastKnownFileType = sourcecode.swift; path = SideMenuModel.swift; sourceTree = "<group>"; };
		7814375A2918A27100603042 /* SideMenuCell.xib */ = {isa = PBXFileReference; lastKnownFileType = file.xib; path = SideMenuCell.xib; sourceTree = "<group>"; };
		7814375C2918A29A00603042 /* SideMenuCell.swift */ = {isa = PBXFileReference; lastKnownFileType = sourcecode.swift; path = SideMenuCell.swift; sourceTree = "<group>"; };
		7814375E2918A8A500603042 /* HomeViewController.swift */ = {isa = PBXFileReference; lastKnownFileType = sourcecode.swift; path = HomeViewController.swift; sourceTree = "<group>"; };
		78143760291942E000603042 /* SingletonClass.swift */ = {isa = PBXFileReference; lastKnownFileType = sourcecode.swift; path = SingletonClass.swift; sourceTree = "<group>"; };
		781437622919449B00603042 /* HRViewController.swift */ = {isa = PBXFileReference; lastKnownFileType = sourcecode.swift; path = HRViewController.swift; sourceTree = "<group>"; };
		7814376829199CB400603042 /* CoreDataBLETutorial.xcdatamodel */ = {isa = PBXFileReference; lastKnownFileType = wrapper.xcdatamodel; path = CoreDataBLETutorial.xcdatamodel; sourceTree = "<group>"; };
		7814376F29199D9500603042 /* HRTableViewController.swift */ = {isa = PBXFileReference; lastKnownFileType = sourcecode.swift; path = HRTableViewController.swift; sourceTree = "<group>"; };
		781437752919A77500603042 /* HRValue+CoreDataClass.swift */ = {isa = PBXFileReference; fileEncoding = 4; lastKnownFileType = sourcecode.swift; path = "HRValue+CoreDataClass.swift"; sourceTree = SOURCE_ROOT; };
		781437762919A77600603042 /* HRValue+CoreDataProperties.swift */ = {isa = PBXFileReference; fileEncoding = 4; lastKnownFileType = sourcecode.swift; path = "HRValue+CoreDataProperties.swift"; sourceTree = SOURCE_ROOT; };
		9705EB7748BF5E64FE71D7FC /* Pods_CoreDataBLETutorial.framework */ = {isa = PBXFileReference; explicitFileType = wrapper.framework; includeInIndex = 0; path = Pods_CoreDataBLETutorial.framework; sourceTree = BUILT_PRODUCTS_DIR; };
		985C5C99D54805E5364E0216 /* Pods-CoreDataBLETutorial.release.xcconfig */ = {isa = PBXFileReference; includeInIndex = 1; lastKnownFileType = text.xcconfig; name = "Pods-CoreDataBLETutorial.release.xcconfig"; path = "Target Support Files/Pods-CoreDataBLETutorial/Pods-CoreDataBLETutorial.release.xcconfig"; sourceTree = "<group>"; };
		B7562EC38CAE0F2182CC0A1D /* Pods-CoreDataBLETutorial.debug.xcconfig */ = {isa = PBXFileReference; includeInIndex = 1; lastKnownFileType = text.xcconfig; name = "Pods-CoreDataBLETutorial.debug.xcconfig"; path = "Target Support Files/Pods-CoreDataBLETutorial/Pods-CoreDataBLETutorial.debug.xcconfig"; sourceTree = "<group>"; };
/* End PBXFileReference section */

/* Begin PBXFrameworksBuildPhase section */
		7814372029187B3800603042 /* Frameworks */ = {
			isa = PBXFrameworksBuildPhase;
			buildActionMask = 2147483647;
			files = (
				AF03F5DE6C30D75FAF936B2B /* Pods_CoreDataBLETutorial.framework in Frameworks */,
			);
			runOnlyForDeploymentPostprocessing = 0;
		};
		7814373629187B3A00603042 /* Frameworks */ = {
			isa = PBXFrameworksBuildPhase;
			buildActionMask = 2147483647;
			files = (
			);
			runOnlyForDeploymentPostprocessing = 0;
		};
		7814374029187B3A00603042 /* Frameworks */ = {
			isa = PBXFrameworksBuildPhase;
			buildActionMask = 2147483647;
			files = (
			);
			runOnlyForDeploymentPostprocessing = 0;
		};
/* End PBXFrameworksBuildPhase section */

/* Begin PBXGroup section */
		294766A56A2F3E94BBC7D0A4 /* Frameworks */ = {
			isa = PBXGroup;
			children = (
				9705EB7748BF5E64FE71D7FC /* Pods_CoreDataBLETutorial.framework */,
			);
			name = Frameworks;
			sourceTree = "<group>";
		};
		7814371A29187B3700603042 = {
			isa = PBXGroup;
			children = (
				7814372529187B3800603042 /* CoreDataBLETutorial */,
				7814373C29187B3A00603042 /* CoreDataBLETutorialTests */,
				7814374629187B3A00603042 /* CoreDataBLETutorialUITests */,
				7814372429187B3800603042 /* Products */,
				BE5FF763C9067B1210B4E5F3 /* Pods */,
				294766A56A2F3E94BBC7D0A4 /* Frameworks */,
			);
			sourceTree = "<group>";
		};
		7814372429187B3800603042 /* Products */ = {
			isa = PBXGroup;
			children = (
				7814372329187B3800603042 /* CoreDataBLETutorial.app */,
				7814373929187B3A00603042 /* CoreDataBLETutorialTests.xctest */,
				7814374329187B3A00603042 /* CoreDataBLETutorialUITests.xctest */,
			);
			name = Products;
			sourceTree = "<group>";
		};
		7814372529187B3800603042 /* CoreDataBLETutorial */ = {
			isa = PBXGroup;
			children = (
				7814376A29199CFC00603042 /* Model */,
				7814372629187B3800603042 /* AppDelegate.swift */,
				7814372829187B3800603042 /* SceneDelegate.swift */,
				7814372A29187B3800603042 /* MainViewController.swift */,
				781437562918A1D600603042 /* SideMenuViewController.swift */,
				781437582918A24300603042 /* SideMenuModel.swift */,
				7814375C2918A29A00603042 /* SideMenuCell.swift */,
				7814375E2918A8A500603042 /* HomeViewController.swift */,
				781437622919449B00603042 /* HRViewController.swift */,
				7814376F29199D9500603042 /* HRTableViewController.swift */,
				7814375A2918A27100603042 /* SideMenuCell.xib */,
				7814372C29187B3800603042 /* Main.storyboard */,
				7814376729199CB400603042 /* CoreDataBLETutorial.xcdatamodeld */,
				7814372F29187B3900603042 /* Assets.xcassets */,
				7814373129187B3900603042 /* LaunchScreen.storyboard */,
				7814373429187B3900603042 /* Info.plist */,
				78143760291942E000603042 /* SingletonClass.swift */,
			);
			path = CoreDataBLETutorial;
			sourceTree = "<group>";
		};
		7814373C29187B3A00603042 /* CoreDataBLETutorialTests */ = {
			isa = PBXGroup;
			children = (
				7814373D29187B3A00603042 /* CoreDataBLETutorialTests.swift */,
			);
			path = CoreDataBLETutorialTests;
			sourceTree = "<group>";
		};
		7814374629187B3A00603042 /* CoreDataBLETutorialUITests */ = {
			isa = PBXGroup;
			children = (
				7814374729187B3A00603042 /* CoreDataBLETutorialUITests.swift */,
				7814374929187B3A00603042 /* CoreDataBLETutorialUITestsLaunchTests.swift */,
			);
			path = CoreDataBLETutorialUITests;
			sourceTree = "<group>";
		};
		7814376A29199CFC00603042 /* Model */ = {
			isa = PBXGroup;
			children = (
				781437752919A77500603042 /* HRValue+CoreDataClass.swift */,
				781437762919A77600603042 /* HRValue+CoreDataProperties.swift */,
			);
			path = Model;
			sourceTree = "<group>";
		};
		BE5FF763C9067B1210B4E5F3 /* Pods */ = {
			isa = PBXGroup;
			children = (
				B7562EC38CAE0F2182CC0A1D /* Pods-CoreDataBLETutorial.debug.xcconfig */,
				985C5C99D54805E5364E0216 /* Pods-CoreDataBLETutorial.release.xcconfig */,
			);
			path = Pods;
			sourceTree = "<group>";
		};
/* End PBXGroup section */

/* Begin PBXNativeTarget section */
		7814372229187B3800603042 /* CoreDataBLETutorial */ = {
			isa = PBXNativeTarget;
			buildConfigurationList = 7814374D29187B3A00603042 /* Build configuration list for PBXNativeTarget "CoreDataBLETutorial" */;
			buildPhases = (
				4D9E7292BC31828221502871 /* [CP] Check Pods Manifest.lock */,
				7814371F29187B3800603042 /* Sources */,
				7814372029187B3800603042 /* Frameworks */,
				7814372129187B3800603042 /* Resources */,
				1BB82701A8DD0EE4E6B62EDC /* [CP] Embed Pods Frameworks */,
			);
			buildRules = (
			);
			dependencies = (
			);
			name = CoreDataBLETutorial;
			productName = CoreDataBLETutorial;
			productReference = 7814372329187B3800603042 /* CoreDataBLETutorial.app */;
			productType = "com.apple.product-type.application";
		};
		7814373829187B3A00603042 /* CoreDataBLETutorialTests */ = {
			isa = PBXNativeTarget;
			buildConfigurationList = 7814375029187B3A00603042 /* Build configuration list for PBXNativeTarget "CoreDataBLETutorialTests" */;
			buildPhases = (
				7814373529187B3A00603042 /* Sources */,
				7814373629187B3A00603042 /* Frameworks */,
				7814373729187B3A00603042 /* Resources */,
			);
			buildRules = (
			);
			dependencies = (
				7814373B29187B3A00603042 /* PBXTargetDependency */,
			);
			name = CoreDataBLETutorialTests;
			productName = CoreDataBLETutorialTests;
			productReference = 7814373929187B3A00603042 /* CoreDataBLETutorialTests.xctest */;
			productType = "com.apple.product-type.bundle.unit-test";
		};
		7814374229187B3A00603042 /* CoreDataBLETutorialUITests */ = {
			isa = PBXNativeTarget;
			buildConfigurationList = 7814375329187B3A00603042 /* Build configuration list for PBXNativeTarget "CoreDataBLETutorialUITests" */;
			buildPhases = (
				7814373F29187B3A00603042 /* Sources */,
				7814374029187B3A00603042 /* Frameworks */,
				7814374129187B3A00603042 /* Resources */,
			);
			buildRules = (
			);
			dependencies = (
				7814374529187B3A00603042 /* PBXTargetDependency */,
			);
			name = CoreDataBLETutorialUITests;
			productName = CoreDataBLETutorialUITests;
			productReference = 7814374329187B3A00603042 /* CoreDataBLETutorialUITests.xctest */;
			productType = "com.apple.product-type.bundle.ui-testing";
		};
/* End PBXNativeTarget section */

/* Begin PBXProject section */
		7814371B29187B3800603042 /* Project object */ = {
			isa = PBXProject;
			attributes = {
				BuildIndependentTargetsInParallel = 1;
				LastSwiftUpdateCheck = 1320;
				LastUpgradeCheck = 1320;
				TargetAttributes = {
					7814372229187B3800603042 = {
						CreatedOnToolsVersion = 13.2.1;
					};
					7814373829187B3A00603042 = {
						CreatedOnToolsVersion = 13.2.1;
						TestTargetID = 7814372229187B3800603042;
					};
					7814374229187B3A00603042 = {
						CreatedOnToolsVersion = 13.2.1;
						TestTargetID = 7814372229187B3800603042;
					};
				};
			};
			buildConfigurationList = 7814371E29187B3800603042 /* Build configuration list for PBXProject "CoreDataBLETutorial" */;
			compatibilityVersion = "Xcode 13.0";
			developmentRegion = en;
			hasScannedForEncodings = 0;
			knownRegions = (
				en,
				Base,
			);
			mainGroup = 7814371A29187B3700603042;
			productRefGroup = 7814372429187B3800603042 /* Products */;
			projectDirPath = "";
			projectRoot = "";
			targets = (
				7814372229187B3800603042 /* CoreDataBLETutorial */,
				7814373829187B3A00603042 /* CoreDataBLETutorialTests */,
				7814374229187B3A00603042 /* CoreDataBLETutorialUITests */,
			);
		};
/* End PBXProject section */

/* Begin PBXResourcesBuildPhase section */
		7814372129187B3800603042 /* Resources */ = {
			isa = PBXResourcesBuildPhase;
			buildActionMask = 2147483647;
			files = (
				7814373329187B3900603042 /* LaunchScreen.storyboard in Resources */,
				7814373029187B3900603042 /* Assets.xcassets in Resources */,
				7814372E29187B3800603042 /* Main.storyboard in Resources */,
				7814375B2918A27100603042 /* SideMenuCell.xib in Resources */,
			);
			runOnlyForDeploymentPostprocessing = 0;
		};
		7814373729187B3A00603042 /* Resources */ = {
			isa = PBXResourcesBuildPhase;
			buildActionMask = 2147483647;
			files = (
			);
			runOnlyForDeploymentPostprocessing = 0;
		};
		7814374129187B3A00603042 /* Resources */ = {
			isa = PBXResourcesBuildPhase;
			buildActionMask = 2147483647;
			files = (
			);
			runOnlyForDeploymentPostprocessing = 0;
		};
/* End PBXResourcesBuildPhase section */

/* Begin PBXShellScriptBuildPhase section */
		1BB82701A8DD0EE4E6B62EDC /* [CP] Embed Pods Frameworks */ = {
			isa = PBXShellScriptBuildPhase;
			buildActionMask = 2147483647;
			files = (
			);
			inputFileListPaths = (
				"${PODS_ROOT}/Target Support Files/Pods-CoreDataBLETutorial/Pods-CoreDataBLETutorial-frameworks-${CONFIGURATION}-input-files.xcfilelist",
			);
			name = "[CP] Embed Pods Frameworks";
			outputFileListPaths = (
				"${PODS_ROOT}/Target Support Files/Pods-CoreDataBLETutorial/Pods-CoreDataBLETutorial-frameworks-${CONFIGURATION}-output-files.xcfilelist",
			);
			runOnlyForDeploymentPostprocessing = 0;
			shellPath = /bin/sh;
			shellScript = "\"${PODS_ROOT}/Target Support Files/Pods-CoreDataBLETutorial/Pods-CoreDataBLETutorial-frameworks.sh\"\n";
			showEnvVarsInLog = 0;
		};
		4D9E7292BC31828221502871 /* [CP] Check Pods Manifest.lock */ = {
			isa = PBXShellScriptBuildPhase;
			buildActionMask = 2147483647;
			files = (
			);
			inputFileListPaths = (
			);
			inputPaths = (
				"${PODS_PODFILE_DIR_PATH}/Podfile.lock",
				"${PODS_ROOT}/Manifest.lock",
			);
			name = "[CP] Check Pods Manifest.lock";
			outputFileListPaths = (
			);
			outputPaths = (
				"$(DERIVED_FILE_DIR)/Pods-CoreDataBLETutorial-checkManifestLockResult.txt",
			);
			runOnlyForDeploymentPostprocessing = 0;
			shellPath = /bin/sh;
			shellScript = "diff \"${PODS_PODFILE_DIR_PATH}/Podfile.lock\" \"${PODS_ROOT}/Manifest.lock\" > /dev/null\nif [ $? != 0 ] ; then\n    # print error to STDERR\n    echo \"error: The sandbox is not in sync with the Podfile.lock. Run 'pod install' or update your CocoaPods installation.\" >&2\n    exit 1\nfi\n# This output is used by Xcode 'outputs' to avoid re-running this script phase.\necho \"SUCCESS\" > \"${SCRIPT_OUTPUT_FILE_0}\"\n";
			showEnvVarsInLog = 0;
		};
/* End PBXShellScriptBuildPhase section */

/* Begin PBXSourcesBuildPhase section */
		7814371F29187B3800603042 /* Sources */ = {
			isa = PBXSourcesBuildPhase;
			buildActionMask = 2147483647;
			files = (
				78143761291942E100603042 /* SingletonClass.swift in Sources */,
				781437572918A1D700603042 /* SideMenuViewController.swift in Sources */,
				7814376929199CB400603042 /* CoreDataBLETutorial.xcdatamodeld in Sources */,
				7814377029199D9600603042 /* HRTableViewController.swift in Sources */,
				7814372B29187B3800603042 /* MainViewController.swift in Sources */,
				781437782919A77600603042 /* HRValue+CoreDataProperties.swift in Sources */,
				7814372729187B3800603042 /* AppDelegate.swift in Sources */,
				781437632919449B00603042 /* HRViewController.swift in Sources */,
				7814372929187B3800603042 /* SceneDelegate.swift in Sources */,
				781437592918A24300603042 /* SideMenuModel.swift in Sources */,
				781437772919A77600603042 /* HRValue+CoreDataClass.swift in Sources */,
				7814375F2918A8A500603042 /* HomeViewController.swift in Sources */,
				7814375D2918A29A00603042 /* SideMenuCell.swift in Sources */,
			);
			runOnlyForDeploymentPostprocessing = 0;
		};
		7814373529187B3A00603042 /* Sources */ = {
			isa = PBXSourcesBuildPhase;
			buildActionMask = 2147483647;
			files = (
				7814373E29187B3A00603042 /* CoreDataBLETutorialTests.swift in Sources */,
			);
			runOnlyForDeploymentPostprocessing = 0;
		};
		7814373F29187B3A00603042 /* Sources */ = {
			isa = PBXSourcesBuildPhase;
			buildActionMask = 2147483647;
			files = (
				7814374829187B3A00603042 /* CoreDataBLETutorialUITests.swift in Sources */,
				7814374A29187B3A00603042 /* CoreDataBLETutorialUITestsLaunchTests.swift in Sources */,
			);
			runOnlyForDeploymentPostprocessing = 0;
		};
/* End PBXSourcesBuildPhase section */

/* Begin PBXTargetDependency section */
		7814373B29187B3A00603042 /* PBXTargetDependency */ = {
			isa = PBXTargetDependency;
			target = 7814372229187B3800603042 /* CoreDataBLETutorial */;
			targetProxy = 7814373A29187B3A00603042 /* PBXContainerItemProxy */;
		};
		7814374529187B3A00603042 /* PBXTargetDependency */ = {
			isa = PBXTargetDependency;
			target = 7814372229187B3800603042 /* CoreDataBLETutorial */;
			targetProxy = 7814374429187B3A00603042 /* PBXContainerItemProxy */;
		};
/* End PBXTargetDependency section */

/* Begin PBXVariantGroup section */
		7814372C29187B3800603042 /* Main.storyboard */ = {
			isa = PBXVariantGroup;
			children = (
				7814372D29187B3800603042 /* Base */,
			);
			name = Main.storyboard;
			sourceTree = "<group>";
		};
		7814373129187B3900603042 /* LaunchScreen.storyboard */ = {
			isa = PBXVariantGroup;
			children = (
				7814373229187B3900603042 /* Base */,
			);
			name = LaunchScreen.storyboard;
			sourceTree = "<group>";
		};
/* End PBXVariantGroup section */

/* Begin XCBuildConfiguration section */
		7814374B29187B3A00603042 /* Debug */ = {
			isa = XCBuildConfiguration;
			buildSettings = {
				ALWAYS_SEARCH_USER_PATHS = NO;
				CLANG_ANALYZER_NONNULL = YES;
				CLANG_ANALYZER_NUMBER_OBJECT_CONVERSION = YES_AGGRESSIVE;
				CLANG_CXX_LANGUAGE_STANDARD = "gnu++17";
				CLANG_CXX_LIBRARY = "libc++";
				CLANG_ENABLE_MODULES = YES;
				CLANG_ENABLE_OBJC_ARC = YES;
				CLANG_ENABLE_OBJC_WEAK = YES;
				CLANG_WARN_BLOCK_CAPTURE_AUTORELEASING = YES;
				CLANG_WARN_BOOL_CONVERSION = YES;
				CLANG_WARN_COMMA = YES;
				CLANG_WARN_CONSTANT_CONVERSION = YES;
				CLANG_WARN_DEPRECATED_OBJC_IMPLEMENTATIONS = YES;
				CLANG_WARN_DIRECT_OBJC_ISA_USAGE = YES_ERROR;
				CLANG_WARN_DOCUMENTATION_COMMENTS = YES;
				CLANG_WARN_EMPTY_BODY = YES;
				CLANG_WARN_ENUM_CONVERSION = YES;
				CLANG_WARN_INFINITE_RECURSION = YES;
				CLANG_WARN_INT_CONVERSION = YES;
				CLANG_WARN_NON_LITERAL_NULL_CONVERSION = YES;
				CLANG_WARN_OBJC_IMPLICIT_RETAIN_SELF = YES;
				CLANG_WARN_OBJC_LITERAL_CONVERSION = YES;
				CLANG_WARN_OBJC_ROOT_CLASS = YES_ERROR;
				CLANG_WARN_QUOTED_INCLUDE_IN_FRAMEWORK_HEADER = YES;
				CLANG_WARN_RANGE_LOOP_ANALYSIS = YES;
				CLANG_WARN_STRICT_PROTOTYPES = YES;
				CLANG_WARN_SUSPICIOUS_MOVE = YES;
				CLANG_WARN_UNGUARDED_AVAILABILITY = YES_AGGRESSIVE;
				CLANG_WARN_UNREACHABLE_CODE = YES;
				CLANG_WARN__DUPLICATE_METHOD_MATCH = YES;
				COPY_PHASE_STRIP = NO;
				DEBUG_INFORMATION_FORMAT = dwarf;
				ENABLE_STRICT_OBJC_MSGSEND = YES;
				ENABLE_TESTABILITY = YES;
				GCC_C_LANGUAGE_STANDARD = gnu11;
				GCC_DYNAMIC_NO_PIC = NO;
				GCC_NO_COMMON_BLOCKS = YES;
				GCC_OPTIMIZATION_LEVEL = 0;
				GCC_PREPROCESSOR_DEFINITIONS = (
					"DEBUG=1",
					"$(inherited)",
				);
				GCC_WARN_64_TO_32_BIT_CONVERSION = YES;
				GCC_WARN_ABOUT_RETURN_TYPE = YES_ERROR;
				GCC_WARN_UNDECLARED_SELECTOR = YES;
				GCC_WARN_UNINITIALIZED_AUTOS = YES_AGGRESSIVE;
				GCC_WARN_UNUSED_FUNCTION = YES;
				GCC_WARN_UNUSED_VARIABLE = YES;
				IPHONEOS_DEPLOYMENT_TARGET = 15.2;
				MTL_ENABLE_DEBUG_INFO = INCLUDE_SOURCE;
				MTL_FAST_MATH = YES;
				ONLY_ACTIVE_ARCH = YES;
				SDKROOT = iphoneos;
				SWIFT_ACTIVE_COMPILATION_CONDITIONS = DEBUG;
				SWIFT_OPTIMIZATION_LEVEL = "-Onone";
			};
			name = Debug;
		};
		7814374C29187B3A00603042 /* Release */ = {
			isa = XCBuildConfiguration;
			buildSettings = {
				ALWAYS_SEARCH_USER_PATHS = NO;
				CLANG_ANALYZER_NONNULL = YES;
				CLANG_ANALYZER_NUMBER_OBJECT_CONVERSION = YES_AGGRESSIVE;
				CLANG_CXX_LANGUAGE_STANDARD = "gnu++17";
				CLANG_CXX_LIBRARY = "libc++";
				CLANG_ENABLE_MODULES = YES;
				CLANG_ENABLE_OBJC_ARC = YES;
				CLANG_ENABLE_OBJC_WEAK = YES;
				CLANG_WARN_BLOCK_CAPTURE_AUTORELEASING = YES;
				CLANG_WARN_BOOL_CONVERSION = YES;
				CLANG_WARN_COMMA = YES;
				CLANG_WARN_CONSTANT_CONVERSION = YES;
				CLANG_WARN_DEPRECATED_OBJC_IMPLEMENTATIONS = YES;
				CLANG_WARN_DIRECT_OBJC_ISA_USAGE = YES_ERROR;
				CLANG_WARN_DOCUMENTATION_COMMENTS = YES;
				CLANG_WARN_EMPTY_BODY = YES;
				CLANG_WARN_ENUM_CONVERSION = YES;
				CLANG_WARN_INFINITE_RECURSION = YES;
				CLANG_WARN_INT_CONVERSION = YES;
				CLANG_WARN_NON_LITERAL_NULL_CONVERSION = YES;
				CLANG_WARN_OBJC_IMPLICIT_RETAIN_SELF = YES;
				CLANG_WARN_OBJC_LITERAL_CONVERSION = YES;
				CLANG_WARN_OBJC_ROOT_CLASS = YES_ERROR;
				CLANG_WARN_QUOTED_INCLUDE_IN_FRAMEWORK_HEADER = YES;
				CLANG_WARN_RANGE_LOOP_ANALYSIS = YES;
				CLANG_WARN_STRICT_PROTOTYPES = YES;
				CLANG_WARN_SUSPICIOUS_MOVE = YES;
				CLANG_WARN_UNGUARDED_AVAILABILITY = YES_AGGRESSIVE;
				CLANG_WARN_UNREACHABLE_CODE = YES;
				CLANG_WARN__DUPLICATE_METHOD_MATCH = YES;
				COPY_PHASE_STRIP = NO;
				DEBUG_INFORMATION_FORMAT = "dwarf-with-dsym";
				ENABLE_NS_ASSERTIONS = NO;
				ENABLE_STRICT_OBJC_MSGSEND = YES;
				GCC_C_LANGUAGE_STANDARD = gnu11;
				GCC_NO_COMMON_BLOCKS = YES;
				GCC_WARN_64_TO_32_BIT_CONVERSION = YES;
				GCC_WARN_ABOUT_RETURN_TYPE = YES_ERROR;
				GCC_WARN_UNDECLARED_SELECTOR = YES;
				GCC_WARN_UNINITIALIZED_AUTOS = YES_AGGRESSIVE;
				GCC_WARN_UNUSED_FUNCTION = YES;
				GCC_WARN_UNUSED_VARIABLE = YES;
				IPHONEOS_DEPLOYMENT_TARGET = 15.2;
				MTL_ENABLE_DEBUG_INFO = NO;
				MTL_FAST_MATH = YES;
				SDKROOT = iphoneos;
				SWIFT_COMPILATION_MODE = wholemodule;
				SWIFT_OPTIMIZATION_LEVEL = "-O";
				VALIDATE_PRODUCT = YES;
			};
			name = Release;
		};
		7814374E29187B3A00603042 /* Debug */ = {
			isa = XCBuildConfiguration;
			baseConfigurationReference = B7562EC38CAE0F2182CC0A1D /* Pods-CoreDataBLETutorial.debug.xcconfig */;
			buildSettings = {
				ASSETCATALOG_COMPILER_APPICON_NAME = AppIcon;
				ASSETCATALOG_COMPILER_GLOBAL_ACCENT_COLOR_NAME = AccentColor;
				CODE_SIGN_STYLE = Automatic;
				CURRENT_PROJECT_VERSION = 1;
				DEVELOPMENT_TEAM = WLD7HPQ299;
				GENERATE_INFOPLIST_FILE = YES;
				INFOPLIST_FILE = CoreDataBLETutorial/Info.plist;
				INFOPLIST_KEY_CFBundleDisplayName = "";
				INFOPLIST_KEY_NSBluetoothAlwaysUsageDescription = "";
				INFOPLIST_KEY_UIApplicationSupportsIndirectInputEvents = YES;
				INFOPLIST_KEY_UILaunchStoryboardName = LaunchScreen;
				INFOPLIST_KEY_UIMainStoryboardFile = Main;
				INFOPLIST_KEY_UISupportedInterfaceOrientations_iPad = "UIInterfaceOrientationPortrait UIInterfaceOrientationPortraitUpsideDown UIInterfaceOrientationLandscapeLeft UIInterfaceOrientationLandscapeRight";
				INFOPLIST_KEY_UISupportedInterfaceOrientations_iPhone = "UIInterfaceOrientationPortrait UIInterfaceOrientationLandscapeLeft UIInterfaceOrientationLandscapeRight";
				LD_RUNPATH_SEARCH_PATHS = (
					"$(inherited)",
					"@executable_path/Frameworks",
				);
				MARKETING_VERSION = 1.0;
				PRODUCT_BUNDLE_IDENTIFIER = CarolinaSolis.CoreDataBLETutorial;
				PRODUCT_NAME = "$(TARGET_NAME)";
				SWIFT_EMIT_LOC_STRINGS = YES;
				SWIFT_VERSION = 5.0;
				TARGETED_DEVICE_FAMILY = "1,2";
			};
			name = Debug;
		};
		7814374F29187B3A00603042 /* Release */ = {
			isa = XCBuildConfiguration;
			baseConfigurationReference = 985C5C99D54805E5364E0216 /* Pods-CoreDataBLETutorial.release.xcconfig */;
			buildSettings = {
				ASSETCATALOG_COMPILER_APPICON_NAME = AppIcon;
				ASSETCATALOG_COMPILER_GLOBAL_ACCENT_COLOR_NAME = AccentColor;
				CODE_SIGN_STYLE = Automatic;
				CURRENT_PROJECT_VERSION = 1;
				DEVELOPMENT_TEAM = WLD7HPQ299;
				GENERATE_INFOPLIST_FILE = YES;
				INFOPLIST_FILE = CoreDataBLETutorial/Info.plist;
				INFOPLIST_KEY_CFBundleDisplayName = "";
				INFOPLIST_KEY_NSBluetoothAlwaysUsageDescription = "";
				INFOPLIST_KEY_UIApplicationSupportsIndirectInputEvents = YES;
				INFOPLIST_KEY_UILaunchStoryboardName = LaunchScreen;
				INFOPLIST_KEY_UIMainStoryboardFile = Main;
				INFOPLIST_KEY_UISupportedInterfaceOrientations_iPad = "UIInterfaceOrientationPortrait UIInterfaceOrientationPortraitUpsideDown UIInterfaceOrientationLandscapeLeft UIInterfaceOrientationLandscapeRight";
				INFOPLIST_KEY_UISupportedInterfaceOrientations_iPhone = "UIInterfaceOrientationPortrait UIInterfaceOrientationLandscapeLeft UIInterfaceOrientationLandscapeRight";
				LD_RUNPATH_SEARCH_PATHS = (
					"$(inherited)",
					"@executable_path/Frameworks",
				);
				MARKETING_VERSION = 1.0;
				PRODUCT_BUNDLE_IDENTIFIER = CarolinaSolis.CoreDataBLETutorial;
				PRODUCT_NAME = "$(TARGET_NAME)";
				SWIFT_EMIT_LOC_STRINGS = YES;
				SWIFT_VERSION = 5.0;
				TARGETED_DEVICE_FAMILY = "1,2";
			};
			name = Release;
		};
		7814375129187B3A00603042 /* Debug */ = {
			isa = XCBuildConfiguration;
			buildSettings = {
				ALWAYS_EMBED_SWIFT_STANDARD_LIBRARIES = YES;
				BUNDLE_LOADER = "$(TEST_HOST)";
				CODE_SIGN_STYLE = Automatic;
				CURRENT_PROJECT_VERSION = 1;
				DEVELOPMENT_TEAM = WLD7HPQ299;
				GENERATE_INFOPLIST_FILE = YES;
				IPHONEOS_DEPLOYMENT_TARGET = 15.2;
				MARKETING_VERSION = 1.0;
				PRODUCT_BUNDLE_IDENTIFIER = CarolinaSolis.CoreDataBLETutorialTests;
				PRODUCT_NAME = "$(TARGET_NAME)";
				SWIFT_EMIT_LOC_STRINGS = NO;
				SWIFT_VERSION = 5.0;
				TARGETED_DEVICE_FAMILY = "1,2";
				TEST_HOST = "$(BUILT_PRODUCTS_DIR)/CoreDataBLETutorial.app/CoreDataBLETutorial";
			};
			name = Debug;
		};
		7814375229187B3A00603042 /* Release */ = {
			isa = XCBuildConfiguration;
			buildSettings = {
				ALWAYS_EMBED_SWIFT_STANDARD_LIBRARIES = YES;
				BUNDLE_LOADER = "$(TEST_HOST)";
				CODE_SIGN_STYLE = Automatic;
				CURRENT_PROJECT_VERSION = 1;
				DEVELOPMENT_TEAM = WLD7HPQ299;
				GENERATE_INFOPLIST_FILE = YES;
				IPHONEOS_DEPLOYMENT_TARGET = 15.2;
				MARKETING_VERSION = 1.0;
				PRODUCT_BUNDLE_IDENTIFIER = CarolinaSolis.CoreDataBLETutorialTests;
				PRODUCT_NAME = "$(TARGET_NAME)";
				SWIFT_EMIT_LOC_STRINGS = NO;
				SWIFT_VERSION = 5.0;
				TARGETED_DEVICE_FAMILY = "1,2";
				TEST_HOST = "$(BUILT_PRODUCTS_DIR)/CoreDataBLETutorial.app/CoreDataBLETutorial";
			};
			name = Release;
		};
		7814375429187B3A00603042 /* Debug */ = {
			isa = XCBuildConfiguration;
			buildSettings = {
				ALWAYS_EMBED_SWIFT_STANDARD_LIBRARIES = YES;
				CODE_SIGN_STYLE = Automatic;
				CURRENT_PROJECT_VERSION = 1;
				DEVELOPMENT_TEAM = WLD7HPQ299;
				GENERATE_INFOPLIST_FILE = YES;
				MARKETING_VERSION = 1.0;
				PRODUCT_BUNDLE_IDENTIFIER = CarolinaSolis.CoreDataBLETutorialUITests;
				PRODUCT_NAME = "$(TARGET_NAME)";
				SWIFT_EMIT_LOC_STRINGS = NO;
				SWIFT_VERSION = 5.0;
				TARGETED_DEVICE_FAMILY = "1,2";
				TEST_TARGET_NAME = CoreDataBLETutorial;
			};
			name = Debug;
		};
		7814375529187B3A00603042 /* Release */ = {
			isa = XCBuildConfiguration;
			buildSettings = {
				ALWAYS_EMBED_SWIFT_STANDARD_LIBRARIES = YES;
				CODE_SIGN_STYLE = Automatic;
				CURRENT_PROJECT_VERSION = 1;
				DEVELOPMENT_TEAM = WLD7HPQ299;
				GENERATE_INFOPLIST_FILE = YES;
				MARKETING_VERSION = 1.0;
				PRODUCT_BUNDLE_IDENTIFIER = CarolinaSolis.CoreDataBLETutorialUITests;
				PRODUCT_NAME = "$(TARGET_NAME)";
				SWIFT_EMIT_LOC_STRINGS = NO;
				SWIFT_VERSION = 5.0;
				TARGETED_DEVICE_FAMILY = "1,2";
				TEST_TARGET_NAME = CoreDataBLETutorial;
			};
			name = Release;
		};
/* End XCBuildConfiguration section */

/* Begin XCConfigurationList section */
		7814371E29187B3800603042 /* Build configuration list for PBXProject "CoreDataBLETutorial" */ = {
			isa = XCConfigurationList;
			buildConfigurations = (
				7814374B29187B3A00603042 /* Debug */,
				7814374C29187B3A00603042 /* Release */,
			);
			defaultConfigurationIsVisible = 0;
			defaultConfigurationName = Release;
		};
		7814374D29187B3A00603042 /* Build configuration list for PBXNativeTarget "CoreDataBLETutorial" */ = {
			isa = XCConfigurationList;
			buildConfigurations = (
				7814374E29187B3A00603042 /* Debug */,
				7814374F29187B3A00603042 /* Release */,
			);
			defaultConfigurationIsVisible = 0;
			defaultConfigurationName = Release;
		};
		7814375029187B3A00603042 /* Build configuration list for PBXNativeTarget "CoreDataBLETutorialTests" */ = {
			isa = XCConfigurationList;
			buildConfigurations = (
				7814375129187B3A00603042 /* Debug */,
				7814375229187B3A00603042 /* Release */,
			);
			defaultConfigurationIsVisible = 0;
			defaultConfigurationName = Release;
		};
		7814375329187B3A00603042 /* Build configuration list for PBXNativeTarget "CoreDataBLETutorialUITests" */ = {
			isa = XCConfigurationList;
			buildConfigurations = (
				7814375429187B3A00603042 /* Debug */,
				7814375529187B3A00603042 /* Release */,
			);
			defaultConfigurationIsVisible = 0;
			defaultConfigurationName = Release;
		};
/* End XCConfigurationList section */

/* Begin XCVersionGroup section */
		7814376729199CB400603042 /* CoreDataBLETutorial.xcdatamodeld */ = {
			isa = XCVersionGroup;
			children = (
				7814376829199CB400603042 /* CoreDataBLETutorial.xcdatamodel */,
			);
			currentVersion = 7814376829199CB400603042 /* CoreDataBLETutorial.xcdatamodel */;
			path = CoreDataBLETutorial.xcdatamodeld;
			sourceTree = "<group>";
			versionGroupType = wrapper.xcdatamodel;
		};
/* End XCVersionGroup section */
	};
	rootObject = 7814371B29187B3800603042 /* Project object */;
}
